
Microsoft Visual Studio Solution File, Format Version 12.00
# Visual Studio 15
VisualStudioVersion = 15.0.26206.0
MinimumVisualStudioVersion = 10.0.40219.1
Project("{8BC9CEB8-8B4A-11D0-8D11-00A0C91BC942}") = "tarotclub-cli", "tarotclub-cli.vcxproj", "{23A05636-E657-3BE7-A73A-278B0B8D7522}"
	ProjectSection(ProjectDependencies) = postProject
		{89258044-B60B-487D-ACC5-BAAC4B943A9B} = {89258044-B60B-487D-ACC5-BAAC4B943A9B}
		{F378869E-59E6-41BE-BB99-9C4272E5ACDA} = {F378869E-59E6-41BE-BB99-9C4272E5ACDA}
	EndProjectSection
EndProject
Project("{8BC9CEB8-8B4A-11D0-8D11-00A0C91BC942}") = "icl", "..\icl\icl.vcxproj", "{89258044-B60B-487D-ACC5-BAAC4B943A9B}"
EndProject
Project("{8BC9CEB8-8B4A-11D0-8D11-00A0C91BC942}") = "tarot_core", "..\tarot_core.vcxproj", "{F378869E-59E6-41BE-BB99-9C4272E5ACDA}"
	ProjectSection(ProjectDependencies) = postProject
		{89258044-B60B-487D-ACC5-BAAC4B943A9B} = {89258044-B60B-487D-ACC5-BAAC4B943A9B}
	EndProjectSection
EndProject
Global
	GlobalSection(SolutionConfigurationPlatforms) = preSolution
		Debug|Win32 = Debug|Win32
		Debug|x64 = Debug|x64
		Release|Win32 = Release|Win32
		Release|x64 = Release|x64
	EndGlobalSection
	GlobalSection(ProjectConfigurationPlatforms) = postSolution
		{23A05636-E657-3BE7-A73A-278B0B8D7522}.Debug|Win32.ActiveCfg = Debug|Win32
		{23A05636-E657-3BE7-A73A-278B0B8D7522}.Debug|Win32.Build.0 = Debug|Win32
		{23A05636-E657-3BE7-A73A-278B0B8D7522}.Debug|x64.ActiveCfg = Release|Win32
		{23A05636-E657-3BE7-A73A-278B0B8D7522}.Debug|x64.Build.0 = Release|Win32
		{23A05636-E657-3BE7-A73A-278B0B8D7522}.Release|Win32.ActiveCfg = Release|Win32
		{23A05636-E657-3BE7-A73A-278B0B8D7522}.Release|Win32.Build.0 = Release|Win32
		{23A05636-E657-3BE7-A73A-278B0B8D7522}.Release|x64.ActiveCfg = Release|Win32
		{23A05636-E657-3BE7-A73A-278B0B8D7522}.Release|x64.Build.0 = Release|Win32
		{89258044-B60B-487D-ACC5-BAAC4B943A9B}.Debug|Win32.ActiveCfg = Debug|Win32
		{89258044-B60B-487D-ACC5-BAAC4B943A9B}.Debug|Win32.Build.0 = Debug|Win32
		{89258044-B60B-487D-ACC5-BAAC4B943A9B}.Debug|x64.ActiveCfg = Release|Win32
		{89258044-B60B-487D-ACC5-BAAC4B943A9B}.Debug|x64.Build.0 = Release|Win32
		{89258044-B60B-487D-ACC5-BAAC4B943A9B}.Release|Win32.ActiveCfg = Release|Win32
		{89258044-B60B-487D-ACC5-BAAC4B943A9B}.Release|Win32.Build.0 = Release|Win32
		{89258044-B60B-487D-ACC5-BAAC4B943A9B}.Release|x64.ActiveCfg = Release|Win32
		{89258044-B60B-487D-ACC5-BAAC4B943A9B}.Release|x64.Build.0 = Release|Win32
		{F378869E-59E6-41BE-BB99-9C4272E5ACDA}.Debug|Win32.ActiveCfg = Debug|Win32
		{F378869E-59E6-41BE-BB99-9C4272E5ACDA}.Debug|Win32.Build.0 = Debug|Win32
		{F378869E-59E6-41BE-BB99-9C4272E5ACDA}.Debug|x64.ActiveCfg = Release|Win32
		{F378869E-59E6-41BE-BB99-9C4272E5ACDA}.Debug|x64.Build.0 = Release|Win32
		{F378869E-59E6-41BE-BB99-9C4272E5ACDA}.Release|Win32.ActiveCfg = Release|Win32
		{F378869E-59E6-41BE-BB99-9C4272E5ACDA}.Release|Win32.Build.0 = Release|Win32
		{F378869E-59E6-41BE-BB99-9C4272E5ACDA}.Release|x64.ActiveCfg = Release|Win32
		{F378869E-59E6-41BE-BB99-9C4272E5ACDA}.Release|x64.Build.0 = Release|Win32
	EndGlobalSection
	GlobalSection(SolutionProperties) = preSolution
		HideSolutionNode = FALSE
	EndGlobalSection
EndGlobal
